<Solution>
  <Project Path="Assembly-CSharp-Editor.csproj" />
  <Project Path="LeTai.TranslucentImage.Demo.csproj" />
  <Project Path="LeTai.TranslucentImage.csproj" />
  <Project Path="Assembly-CSharp.csproj" />
  <Project Path="MPUIKit.csproj" />
  <Project Path="MPUIKit.Editor.csproj" />
  <Project Path="LeTai.TranslucentImage.Editor.csproj" />
</Solution>
